
Microsoft Visual Studio Solution File, Format Version 12.00
# Visual Studio Version 16
VisualStudioVersion = 16.0.30907.101
MinimumVisualStudioVersion = 10.0.40219.1
Project("{9A19103F-16F7-4668-BE54-9A1E7A4F7556}") = "YoutubeCrawlDotnet.Server", "YoutubeCrawlDotnet\Server\YoutubeCrawlDotnet.Server.csproj", "{97DD9700-FEA2-4355-94E5-D69EE826A4AB}"
EndProject
Project("{9A19103F-16F7-4668-BE54-9A1E7A4F7556}") = "YoutubeCrawlDotnet.Client", "YoutubeCrawlDotnet\Client\YoutubeCrawlDotnet.Client.csproj", "{E262F7D8-473F-4759-81D7-AEA3C4098C5D}"
EndProject
Project("{9A19103F-16F7-4668-BE54-9A1E7A4F7556}") = "YoutubeCrawlDotnet.Shared", "YoutubeCrawlDotnet\Shared\YoutubeCrawlDotnet.Shared.csproj", "{FF55D0F1-7D5C-4305-8F27-2F8E49343711}"
EndProject
Global
	GlobalSection(SolutionConfigurationPlatforms) = preSolution
		Debug|Any CPU = Debug|Any CPU
		Release|Any CPU = Release|Any CPU
	EndGlobalSection
	GlobalSection(ProjectConfigurationPlatforms) = postSolution
		{97DD9700-FEA2-4355-94E5-D69EE826A4AB}.Debug|Any CPU.ActiveCfg = Debug|Any CPU
		{97DD9700-FEA2-4355-94E5-D69EE826A4AB}.Debug|Any CPU.Build.0 = Debug|Any CPU
		{97DD9700-FEA2-4355-94E5-D69EE826A4AB}.Release|Any CPU.ActiveCfg = Release|Any CPU
		{97DD9700-FEA2-4355-94E5-D69EE826A4AB}.Release|Any CPU.Build.0 = Release|Any CPU
		{E262F7D8-473F-4759-81D7-AEA3C4098C5D}.Debug|Any CPU.ActiveCfg = Debug|Any CPU
		{E262F7D8-473F-4759-81D7-AEA3C4098C5D}.Debug|Any CPU.Build.0 = Debug|Any CPU
		{E262F7D8-473F-4759-81D7-AEA3C4098C5D}.Release|Any CPU.ActiveCfg = Release|Any CPU
		{E262F7D8-473F-4759-81D7-AEA3C4098C5D}.Release|Any CPU.Build.0 = Release|Any CPU
		{FF55D0F1-7D5C-4305-8F27-2F8E49343711}.Debug|Any CPU.ActiveCfg = Debug|Any CPU
		{FF55D0F1-7D5C-4305-8F27-2F8E49343711}.Debug|Any CPU.Build.0 = Debug|Any CPU
		{FF55D0F1-7D5C-4305-8F27-2F8E49343711}.Release|Any CPU.ActiveCfg = Release|Any CPU
		{FF55D0F1-7D5C-4305-8F27-2F8E49343711}.Release|Any CPU.Build.0 = Release|Any CPU
	EndGlobalSection
	GlobalSection(SolutionProperties) = preSolution
		HideSolutionNode = FALSE
	EndGlobalSection
	GlobalSection(ExtensibilityGlobals) = postSolution
		SolutionGuid = {DC410276-0FFE-4137-8049-0E5B4BE530F9}
	EndGlobalSection
EndGlobal
